dependencies:
- name: eck-operator
  repository: https://helm.elastic.co
  version: 2.3.0
- name: mariadb
  repository: https://charts.bitnami.com/bitnami
  version: 11.1.8
- name: postgresql
  repository: https://charts.bitnami.com/bitnami
  version: 11.8.1
- name: mongodb
  repository: https://charts.bitnami.com/bitnami
  version: 13.1.2
- name: kube-prometheus
  repository: https://charts.bitnami.com/bitnami
  version: 8.0.16
- name: grafana
  repository: https://charts.bitnami.com/bitnami
  version: 8.2.2
digest: sha256:627db0839ff27ad39bf0daabd19ef005d11cc6219e2eb2a3c801b40db6ad9789
generated: "2022-08-30T14:41:57.508284-06:00"
